
Microsoft Visual Studio Solution File, Format Version 12.00
# Visual Studio Version 17
VisualStudioVersion = 17.5.33530.505
MinimumVisualStudioVersion = 10.0.40219.1
Project("{FAE04EC0-301F-11D3-BF4B-00C04F79EFBC}") = "HTML-Emails", "HTML-Emails.csproj", "{66E0A3B8-CF70-47AA-B7AA-9B67480C7FCD}"
EndProject
Global
	GlobalSection(SolutionConfigurationPlatforms) = preSolution
		Debug|Any CPU = Debug|Any CPU
		Release|Any CPU = Release|Any CPU
	EndGlobalSection
	GlobalSection(ProjectConfigurationPlatforms) = postSolution
		{66E0A3B8-CF70-47AA-B7AA-9B67480C7FCD}.Debug|Any CPU.ActiveCfg = Debug|Any CPU
		{66E0A3B8-CF70-47AA-B7AA-9B67480C7FCD}.Debug|Any CPU.Build.0 = Debug|Any CPU
		{66E0A3B8-CF70-47AA-B7AA-9B67480C7FCD}.Release|Any CPU.ActiveCfg = Release|Any CPU
		{66E0A3B8-CF70-47AA-B7AA-9B67480C7FCD}.Release|Any CPU.Build.0 = Release|Any CPU
	EndGlobalSection
	GlobalSection(SolutionProperties) = preSolution
		HideSolutionNode = FALSE
	EndGlobalSection
	GlobalSection(ExtensibilityGlobals) = postSolution
		SolutionGuid = {A62F9AE3-2849-4270-9E20-768E089BE757}
	EndGlobalSection
EndGlobal
